// !$*UTF8*$!
{
	archiveVersion = 1;
	classes = {
	};
	objectVersion = 46;
	objects = {

/* Begin PBXBuildFile section */
		0691560A1E3F5A7400C2E542 /* Profilo.swift in Sources */ = {isa = PBXBuildFile; fileRef = 069156091E3F5A7400C2E542 /* Profilo.swift */; };
		06A0B2D91E3FA81300E3E0E3 /* ModifyProfile.swift in Sources */ = {isa = PBXBuildFile; fileRef = 06A0B2D81E3FA81300E3E0E3 /* ModifyProfile.swift */; };
		3CC4B6E11E3E705000C3A10D /* AppDelegate.swift in Sources */ = {isa = PBXBuildFile; fileRef = 3CC4B6E01E3E705000C3A10D /* AppDelegate.swift */; };
		3CC4B6E31E3E705000C3A10D /* ViewController.swift in Sources */ = {isa = PBXBuildFile; fileRef = 3CC4B6E21E3E705000C3A10D /* ViewController.swift */; };
		3CC4B6E61E3E705000C3A10D /* Main.storyboard in Resources */ = {isa = PBXBuildFile; fileRef = 3CC4B6E41E3E705000C3A10D /* Main.storyboard */; };
		3CC4B6E81E3E705000C3A10D /* Assets.xcassets in Resources */ = {isa = PBXBuildFile; fileRef = 3CC4B6E71E3E705000C3A10D /* Assets.xcassets */; };
		3CC4B6EB1E3E705000C3A10D /* LaunchScreen.storyboard in Resources */ = {isa = PBXBuildFile; fileRef = 3CC4B6E91E3E705000C3A10D /* LaunchScreen.storyboard */; };
		3CC4B6F51E3E70BD00C3A10D /* SWRevealViewController.m in Sources */ = {isa = PBXBuildFile; fileRef = 3CC4B6F41E3E70BD00C3A10D /* SWRevealViewController.m */; };
		3CC4B6F71E3E822200C3A10D /* ViewController1.swift in Sources */ = {isa = PBXBuildFile; fileRef = 3CC4B6F61E3E822200C3A10D /* ViewController1.swift */; };
		3CC4B6F91E3E823000C3A10D /* ViewController2.swift in Sources */ = {isa = PBXBuildFile; fileRef = 3CC4B6F81E3E823000C3A10D /* ViewController2.swift */; };
		3CC4B6FB1E3E823C00C3A10D /* ViewController3.swift in Sources */ = {isa = PBXBuildFile; fileRef = 3CC4B6FA1E3E823C00C3A10D /* ViewController3.swift */; };
		3CC4B6FD1E3E824600C3A10D /* ViewController4.swift in Sources */ = {isa = PBXBuildFile; fileRef = 3CC4B6FC1E3E824600C3A10D /* ViewController4.swift */; };
		3CC4B6FF1E3E825000C3A10D /* ViewController5.swift in Sources */ = {isa = PBXBuildFile; fileRef = 3CC4B6FE1E3E825000C3A10D /* ViewController5.swift */; };
		AC79E1871E4144710058989F /* Charts.framework in Frameworks */ = {isa = PBXBuildFile; fileRef = AC79E1821E4144620058989F /* Charts.framework */; };
		AC79E1881E4144710058989F /* Charts.framework in Embed Frameworks */ = {isa = PBXBuildFile; fileRef = AC79E1821E4144620058989F /* Charts.framework */; settings = {ATTRIBUTES = (CodeSignOnCopy, RemoveHeadersOnCopy, ); }; };
/* End PBXBuildFile section */

/* Begin PBXContainerItemProxy section */
		AC79E1811E4144620058989F /* PBXContainerItemProxy */ = {
			isa = PBXContainerItemProxy;
			containerPortal = AC79E17B1E4144620058989F /* Charts.xcodeproj */;
			proxyType = 2;
			remoteGlobalIDString = 06165F241D8110E600722320;
			remoteInfo = Charts;
		};
		AC79E1831E4144620058989F /* PBXContainerItemProxy */ = {
			isa = PBXContainerItemProxy;
			containerPortal = AC79E17B1E4144620058989F /* Charts.xcodeproj */;
			proxyType = 2;
			remoteGlobalIDString = 06B120D51D811E6200D14B02;
			remoteInfo = ChartsRealm;
		};
		AC79E1851E4144620058989F /* PBXContainerItemProxy */ = {
			isa = PBXContainerItemProxy;
			containerPortal = AC79E17B1E4144620058989F /* Charts.xcodeproj */;
			proxyType = 2;
			remoteGlobalIDString = 06165F2E1D8110E600722320;
			remoteInfo = ChartsTests;
		};
		AC79E1891E4144710058989F /* PBXContainerItemProxy */ = {
			isa = PBXContainerItemProxy;
			containerPortal = AC79E17B1E4144620058989F /* Charts.xcodeproj */;
			proxyType = 1;
			remoteGlobalIDString = 06165F231D8110E600722320;
			remoteInfo = Charts;
		};
/* End PBXContainerItemProxy section */

/* Begin PBXCopyFilesBuildPhase section */
		AC79E18B1E4144710058989F /* Embed Frameworks */ = {
			isa = PBXCopyFilesBuildPhase;
			buildActionMask = 2147483647;
			dstPath = "";
			dstSubfolderSpec = 10;
			files = (
				AC79E1881E4144710058989F /* Charts.framework in Embed Frameworks */,
			);
			name = "Embed Frameworks";
			runOnlyForDeploymentPostprocessing = 0;
		};
/* End PBXCopyFilesBuildPhase section */

/* Begin PBXFileReference section */
		069156091E3F5A7400C2E542 /* Profilo.swift */ = {isa = PBXFileReference; fileEncoding = 4; lastKnownFileType = sourcecode.swift; path = Profilo.swift; sourceTree = SOURCE_ROOT; };
		06A0B2D81E3FA81300E3E0E3 /* ModifyProfile.swift */ = {isa = PBXFileReference; fileEncoding = 4; lastKnownFileType = sourcecode.swift; path = ModifyProfile.swift; sourceTree = "<group>"; };
		3CC4B6DD1E3E705000C3A10D /* MenuLaterale.app */ = {isa = PBXFileReference; explicitFileType = wrapper.application; includeInIndex = 0; path = MenuLaterale.app; sourceTree = BUILT_PRODUCTS_DIR; };
		3CC4B6E01E3E705000C3A10D /* AppDelegate.swift */ = {isa = PBXFileReference; lastKnownFileType = sourcecode.swift; path = AppDelegate.swift; sourceTree = "<group>"; };
		3CC4B6E21E3E705000C3A10D /* ViewController.swift */ = {isa = PBXFileReference; lastKnownFileType = sourcecode.swift; path = ViewController.swift; sourceTree = "<group>"; };
		3CC4B6E51E3E705000C3A10D /* Base */ = {isa = PBXFileReference; lastKnownFileType = file.storyboard; name = Base; path = Base.lproj/Main.storyboard; sourceTree = "<group>"; };
		3CC4B6E71E3E705000C3A10D /* Assets.xcassets */ = {isa = PBXFileReference; lastKnownFileType = folder.assetcatalog; path = Assets.xcassets; sourceTree = "<group>"; };
		3CC4B6EA1E3E705000C3A10D /* Base */ = {isa = PBXFileReference; lastKnownFileType = file.storyboard; name = Base; path = Base.lproj/LaunchScreen.storyboard; sourceTree = "<group>"; };
		3CC4B6EC1E3E705000C3A10D /* Info.plist */ = {isa = PBXFileReference; lastKnownFileType = text.plist.xml; path = Info.plist; sourceTree = "<group>"; };
		3CC4B6F21E3E70BC00C3A10D /* MenuLaterale-Bridging-Header.h */ = {isa = PBXFileReference; lastKnownFileType = sourcecode.c.h; path = "MenuLaterale-Bridging-Header.h"; sourceTree = "<group>"; };
		3CC4B6F31E3E70BD00C3A10D /* SWRevealViewController.h */ = {isa = PBXFileReference; fileEncoding = 4; lastKnownFileType = sourcecode.c.h; path = SWRevealViewController.h; sourceTree = "<group>"; };
		3CC4B6F41E3E70BD00C3A10D /* SWRevealViewController.m */ = {isa = PBXFileReference; fileEncoding = 4; lastKnownFileType = sourcecode.c.objc; path = SWRevealViewController.m; sourceTree = "<group>"; };
		3CC4B6F61E3E822200C3A10D /* ViewController1.swift */ = {isa = PBXFileReference; fileEncoding = 4; lastKnownFileType = sourcecode.swift; path = ViewController1.swift; sourceTree = "<group>"; };
		3CC4B6F81E3E823000C3A10D /* ViewController2.swift */ = {isa = PBXFileReference; fileEncoding = 4; lastKnownFileType = sourcecode.swift; path = ViewController2.swift; sourceTree = "<group>"; };
		3CC4B6FA1E3E823C00C3A10D /* ViewController3.swift */ = {isa = PBXFileReference; fileEncoding = 4; lastKnownFileType = sourcecode.swift; path = ViewController3.swift; sourceTree = "<group>"; };
		3CC4B6FC1E3E824600C3A10D /* ViewController4.swift */ = {isa = PBXFileReference; fileEncoding = 4; lastKnownFileType = sourcecode.swift; path = ViewController4.swift; sourceTree = "<group>"; };
		3CC4B6FE1E3E825000C3A10D /* ViewController5.swift */ = {isa = PBXFileReference; fileEncoding = 4; lastKnownFileType = sourcecode.swift; path = ViewController5.swift; sourceTree = "<group>"; };
		AC79E17B1E4144620058989F /* Charts.xcodeproj */ = {isa = PBXFileReference; lastKnownFileType = "wrapper.pb-project"; name = Charts.xcodeproj; path = "../../../Downloads/Charts-master/Charts.xcodeproj"; sourceTree = "<group>"; };
/* End PBXFileReference section */

/* Begin PBXFrameworksBuildPhase section */
		3CC4B6DA1E3E705000C3A10D /* Frameworks */ = {
			isa = PBXFrameworksBuildPhase;
			buildActionMask = 2147483647;
			files = (
				AC79E1871E4144710058989F /* Charts.framework in Frameworks */,
			);
			runOnlyForDeploymentPostprocessing = 0;
		};
/* End PBXFrameworksBuildPhase section */

/* Begin PBXGroup section */
		3CC4B6D41E3E705000C3A10D = {
			isa = PBXGroup;
			children = (
				3CC4B6FE1E3E825000C3A10D /* ViewController5.swift */,
				3CC4B6FC1E3E824600C3A10D /* ViewController4.swift */,
				3CC4B6FA1E3E823C00C3A10D /* ViewController3.swift */,
				3CC4B6F81E3E823000C3A10D /* ViewController2.swift */,
				3CC4B6F61E3E822200C3A10D /* ViewController1.swift */,
				3CC4B6DF1E3E705000C3A10D /* MenuLaterale */,
				3CC4B6DE1E3E705000C3A10D /* Products */,
				AC79E17B1E4144620058989F /* Charts.xcodeproj */,
			);
			sourceTree = "<group>";
		};
		3CC4B6DE1E3E705000C3A10D /* Products */ = {
			isa = PBXGroup;
			children = (
				3CC4B6DD1E3E705000C3A10D /* MenuLaterale.app */,
			);
			name = Products;
			sourceTree = "<group>";
		};
		3CC4B6DF1E3E705000C3A10D /* MenuLaterale */ = {
			isa = PBXGroup;
			children = (
				069156091E3F5A7400C2E542 /* Profilo.swift */,
				3CC4B6F31E3E70BD00C3A10D /* SWRevealViewController.h */,
				3CC4B6F41E3E70BD00C3A10D /* SWRevealViewController.m */,
				3CC4B6E01E3E705000C3A10D /* AppDelegate.swift */,
				3CC4B6E21E3E705000C3A10D /* ViewController.swift */,
				3CC4B6E41E3E705000C3A10D /* Main.storyboard */,
				3CC4B6E71E3E705000C3A10D /* Assets.xcassets */,
				3CC4B6E91E3E705000C3A10D /* LaunchScreen.storyboard */,
				3CC4B6EC1E3E705000C3A10D /* Info.plist */,
				3CC4B6F21E3E70BC00C3A10D /* MenuLaterale-Bridging-Header.h */,
				06A0B2D81E3FA81300E3E0E3 /* ModifyProfile.swift */,
			);
			path = MenuLaterale;
			sourceTree = "<group>";
		};
		AC79E17C1E4144620058989F /* Products */ = {
			isa = PBXGroup;
			children = (
				AC79E1821E4144620058989F /* Charts.framework */,
				AC79E1841E4144620058989F /* ChartsRealm.framework */,
				AC79E1861E4144620058989F /* ChartsTests.xctest */,
			);
			name = Products;
			sourceTree = "<group>";
		};
/* End PBXGroup section */

/* Begin PBXNativeTarget section */
		3CC4B6DC1E3E705000C3A10D /* MenuLaterale */ = {
			isa = PBXNativeTarget;
			buildConfigurationList = 3CC4B6EF1E3E705000C3A10D /* Build configuration list for PBXNativeTarget "MenuLaterale" */;
			buildPhases = (
				3CC4B6D91E3E705000C3A10D /* Sources */,
				3CC4B6DA1E3E705000C3A10D /* Frameworks */,
				3CC4B6DB1E3E705000C3A10D /* Resources */,
				AC79E18B1E4144710058989F /* Embed Frameworks */,
			);
			buildRules = (
			);
			dependencies = (
				AC79E18A1E4144710058989F /* PBXTargetDependency */,
			);
			name = MenuLaterale;
			productName = MenuLaterale;
			productReference = 3CC4B6DD1E3E705000C3A10D /* MenuLaterale.app */;
			productType = "com.apple.product-type.application";
		};
/* End PBXNativeTarget section */

/* Begin PBXProject section */
		3CC4B6D51E3E705000C3A10D /* Project object */ = {
			isa = PBXProject;
			attributes = {
				LastSwiftUpdateCheck = 0820;
				LastUpgradeCheck = 0820;
				ORGANIZATIONNAME = "Cantone Andrea Antonio";
				TargetAttributes = {
					3CC4B6DC1E3E705000C3A10D = {
						CreatedOnToolsVersion = 8.2.1;
						DevelopmentTeam = 93JF9LS6ZY;
						LastSwiftMigration = 0820;
						ProvisioningStyle = Automatic;
					};
				};
			};
			buildConfigurationList = 3CC4B6D81E3E705000C3A10D /* Build configuration list for PBXProject "MenuLaterale" */;
			compatibilityVersion = "Xcode 3.2";
			developmentRegion = English;
			hasScannedForEncodings = 0;
			knownRegions = (
				en,
				Base,
			);
			mainGroup = 3CC4B6D41E3E705000C3A10D;
			productRefGroup = 3CC4B6DE1E3E705000C3A10D /* Products */;
			projectDirPath = "";
			projectReferences = (
				{
					ProductGroup = AC79E17C1E4144620058989F /* Products */;
					ProjectRef = AC79E17B1E4144620058989F /* Charts.xcodeproj */;
				},
			);
			projectRoot = "";
			targets = (
				3CC4B6DC1E3E705000C3A10D /* MenuLaterale */,
			);
		};
/* End PBXProject section */

/* Begin PBXReferenceProxy section */
		AC79E1821E4144620058989F /* Charts.framework */ = {
			isa = PBXReferenceProxy;
			fileType = wrapper.framework;
			path = Charts.framework;
			remoteRef = AC79E1811E4144620058989F /* PBXContainerItemProxy */;
			sourceTree = BUILT_PRODUCTS_DIR;
		};
		AC79E1841E4144620058989F /* ChartsRealm.framework */ = {
			isa = PBXReferenceProxy;
			fileType = wrapper.framework;
			path = ChartsRealm.framework;
			remoteRef = AC79E1831E4144620058989F /* PBXContainerItemProxy */;
			sourceTree = BUILT_PRODUCTS_DIR;
		};
		AC79E1861E4144620058989F /* ChartsTests.xctest */ = {
			isa = PBXReferenceProxy;
			fileType = wrapper.cfbundle;
			path = ChartsTests.xctest;
			remoteRef = AC79E1851E4144620058989F /* PBXContainerItemProxy */;
			sourceTree = BUILT_PRODUCTS_DIR;
		};
/* End PBXReferenceProxy section */

/* Begin PBXResourcesBuildPhase section */
		3CC4B6DB1E3E705000C3A10D /* Resources */ = {
			isa = PBXResourcesBuildPhase;
			buildActionMask = 2147483647;
			files = (
				3CC4B6EB1E3E705000C3A10D /* LaunchScreen.storyboard in Resources */,
				3CC4B6E81E3E705000C3A10D /* Assets.xcassets in Resources */,
				3CC4B6E61E3E705000C3A10D /* Main.storyboard in Resources */,
			);
			runOnlyForDeploymentPostprocessing = 0;
		};
/* End PBXResourcesBuildPhase section */

/* Begin PBXSourcesBuildPhase section */
		3CC4B6D91E3E705000C3A10D /* Sources */ = {
			isa = PBXSourcesBuildPhase;
			buildActionMask = 2147483647;
			files = (
				3CC4B6F91E3E823000C3A10D /* ViewController2.swift in Sources */,
				3CC4B6FD1E3E824600C3A10D /* ViewController4.swift in Sources */,
				3CC4B6F71E3E822200C3A10D /* ViewController1.swift in Sources */,
				3CC4B6FB1E3E823C00C3A10D /* ViewController3.swift in Sources */,
				3CC4B6FF1E3E825000C3A10D /* ViewController5.swift in Sources */,
				06A0B2D91E3FA81300E3E0E3 /* ModifyProfile.swift in Sources */,
				3CC4B6E31E3E705000C3A10D /* ViewController.swift in Sources */,
				3CC4B6E11E3E705000C3A10D /* AppDelegate.swift in Sources */,
				0691560A1E3F5A7400C2E542 /* Profilo.swift in Sources */,
				3CC4B6F51E3E70BD00C3A10D /* SWRevealViewController.m in Sources */,
			);
			runOnlyForDeploymentPostprocessing = 0;
		};
/* End PBXSourcesBuildPhase section */

/* Begin PBXTargetDependency section */
		AC79E18A1E4144710058989F /* PBXTargetDependency */ = {
			isa = PBXTargetDependency;
			name = Charts;
			targetProxy = AC79E1891E4144710058989F /* PBXContainerItemProxy */;
		};
/* End PBXTargetDependency section */

/* Begin PBXVariantGroup section */
		3CC4B6E41E3E705000C3A10D /* Main.storyboard */ = {
			isa = PBXVariantGroup;
			children = (
				3CC4B6E51E3E705000C3A10D /* Base */,
			);
			name = Main.storyboard;
			sourceTree = "<group>";
		};
		3CC4B6E91E3E705000C3A10D /* LaunchScreen.storyboard */ = {
			isa = PBXVariantGroup;
			children = (
				3CC4B6EA1E3E705000C3A10D /* Base */,
			);
			name = LaunchScreen.storyboard;
			sourceTree = "<group>";
		};
/* End PBXVariantGroup section */

/* Begin XCBuildConfiguration section */
		3CC4B6ED1E3E705000C3A10D /* Debug */ = {
			isa = XCBuildConfiguration;
			buildSettings = {
				ALWAYS_SEARCH_USER_PATHS = NO;
				CLANG_ANALYZER_NONNULL = YES;
				CLANG_CXX_LANGUAGE_STANDARD = "gnu++0x";
				CLANG_CXX_LIBRARY = "libc++";
				CLANG_ENABLE_MODULES = YES;
				CLANG_ENABLE_OBJC_ARC = YES;
				CLANG_WARN_BOOL_CONVERSION = YES;
				CLANG_WARN_CONSTANT_CONVERSION = YES;
				CLANG_WARN_DIRECT_OBJC_ISA_USAGE = YES_ERROR;
				CLANG_WARN_DOCUMENTATION_COMMENTS = YES;
				CLANG_WARN_EMPTY_BODY = YES;
				CLANG_WARN_ENUM_CONVERSION = YES;
				CLANG_WARN_INFINITE_RECURSION = YES;
				CLANG_WARN_INT_CONVERSION = YES;
				CLANG_WARN_OBJC_ROOT_CLASS = YES_ERROR;
				CLANG_WARN_SUSPICIOUS_MOVE = YES;
				CLANG_WARN_UNREACHABLE_CODE = YES;
				CLANG_WARN__DUPLICATE_METHOD_MATCH = YES;
				"CODE_SIGN_IDENTITY[sdk=iphoneos*]" = "iPhone Developer";
				COPY_PHASE_STRIP = NO;
				DEBUG_INFORMATION_FORMAT = dwarf;
				ENABLE_STRICT_OBJC_MSGSEND = YES;
				ENABLE_TESTABILITY = YES;
				GCC_C_LANGUAGE_STANDARD = gnu99;
				GCC_DYNAMIC_NO_PIC = NO;
				GCC_NO_COMMON_BLOCKS = YES;
				GCC_OPTIMIZATION_LEVEL = 0;
				GCC_PREPROCESSOR_DEFINITIONS = (
					"DEBUG=1",
					"$(inherited)",
				);
				GCC_WARN_64_TO_32_BIT_CONVERSION = YES;
				GCC_WARN_ABOUT_RETURN_TYPE = YES_ERROR;
				GCC_WARN_UNDECLARED_SELECTOR = YES;
				GCC_WARN_UNINITIALIZED_AUTOS = YES_AGGRESSIVE;
				GCC_WARN_UNUSED_FUNCTION = YES;
				GCC_WARN_UNUSED_VARIABLE = YES;
				IPHONEOS_DEPLOYMENT_TARGET = 10.2;
				MTL_ENABLE_DEBUG_INFO = YES;
				ONLY_ACTIVE_ARCH = YES;
				SDKROOT = iphoneos;
				SWIFT_ACTIVE_COMPILATION_CONDITIONS = DEBUG;
				SWIFT_OPTIMIZATION_LEVEL = "-Onone";
			};
			name = Debug;
		};
		3CC4B6EE1E3E705000C3A10D /* Release */ = {
			isa = XCBuildConfiguration;
			buildSettings = {
				ALWAYS_SEARCH_USER_PATHS = NO;
				CLANG_ANALYZER_NONNULL = YES;
				CLANG_CXX_LANGUAGE_STANDARD = "gnu++0x";
				CLANG_CXX_LIBRARY = "libc++";
				CLANG_ENABLE_MODULES = YES;
				CLANG_ENABLE_OBJC_ARC = YES;
				CLANG_WARN_BOOL_CONVERSION = YES;
				CLANG_WARN_CONSTANT_CONVERSION = YES;
				CLANG_WARN_DIRECT_OBJC_ISA_USAGE = YES_ERROR;
				CLANG_WARN_DOCUMENTATION_COMMENTS = YES;
				CLANG_WARN_EMPTY_BODY = YES;
				CLANG_WARN_ENUM_CONVERSION = YES;
				CLANG_WARN_INFINITE_RECURSION = YES;
				CLANG_WARN_INT_CONVERSION = YES;
				CLANG_WARN_OBJC_ROOT_CLASS = YES_ERROR;
				CLANG_WARN_SUSPICIOUS_MOVE = YES;
				CLANG_WARN_UNREACHABLE_CODE = YES;
				CLANG_WARN__DUPLICATE_METHOD_MATCH = YES;
				"CODE_SIGN_IDENTITY[sdk=iphoneos*]" = "iPhone Developer";
				COPY_PHASE_STRIP = NO;
				DEBUG_INFORMATION_FORMAT = "dwarf-with-dsym";
				ENABLE_NS_ASSERTIONS = NO;
				ENABLE_STRICT_OBJC_MSGSEND = YES;
				GCC_C_LANGUAGE_STANDARD = gnu99;
				GCC_NO_COMMON_BLOCKS = YES;
				GCC_WARN_64_TO_32_BIT_CONVERSION = YES;
				GCC_WARN_ABOUT_RETURN_TYPE = YES_ERROR;
				GCC_WARN_UNDECLARED_SELECTOR = YES;
				GCC_WARN_UNINITIALIZED_AUTOS = YES_AGGRESSIVE;
				GCC_WARN_UNUSED_FUNCTION = YES;
				GCC_WARN_UNUSED_VARIABLE = YES;
				IPHONEOS_DEPLOYMENT_TARGET = 10.2;
				MTL_ENABLE_DEBUG_INFO = NO;
				SDKROOT = iphoneos;
				SWIFT_OPTIMIZATION_LEVEL = "-Owholemodule";
				VALIDATE_PRODUCT = YES;
			};
			name = Release;
		};
		3CC4B6F01E3E705000C3A10D /* Debug */ = {
			isa = XCBuildConfiguration;
			buildSettings = {
				ALWAYS_EMBED_SWIFT_STANDARD_LIBRARIES = YES;
				ASSETCATALOG_COMPILER_APPICON_NAME = AppIcon;
				CLANG_ENABLE_MODULES = YES;
				DEVELOPMENT_TEAM = 93JF9LS6ZY;
				INFOPLIST_FILE = MenuLaterale/Info.plist;
				LD_RUNPATH_SEARCH_PATHS = "$(inherited) @executable_path/Frameworks";
				PRODUCT_BUNDLE_IDENTIFIER = it.iosfoundation.MenuLaterale;
				PRODUCT_NAME = "$(TARGET_NAME)";
				SWIFT_OBJC_BRIDGING_HEADER = "MenuLaterale/MenuLaterale-Bridging-Header.h";
				SWIFT_OPTIMIZATION_LEVEL = "-Onone";
				SWIFT_VERSION = 3.0;
			};
			name = Debug;
		};
		3CC4B6F11E3E705000C3A10D /* Release */ = {
			isa = XCBuildConfiguration;
			buildSettings = {
				ALWAYS_EMBED_SWIFT_STANDARD_LIBRARIES = YES;
				ASSETCATALOG_COMPILER_APPICON_NAME = AppIcon;
				CLANG_ENABLE_MODULES = YES;
				DEVELOPMENT_TEAM = 93JF9LS6ZY;
				INFOPLIST_FILE = MenuLaterale/Info.plist;
				LD_RUNPATH_SEARCH_PATHS = "$(inherited) @executable_path/Frameworks";
				PRODUCT_BUNDLE_IDENTIFIER = it.iosfoundation.MenuLaterale;
				PRODUCT_NAME = "$(TARGET_NAME)";
				SWIFT_OBJC_BRIDGING_HEADER = "MenuLaterale/MenuLaterale-Bridging-Header.h";
				SWIFT_VERSION = 3.0;
			};
			name = Release;
		};
/* End XCBuildConfiguration section */

/* Begin XCConfigurationList section */
		3CC4B6D81E3E705000C3A10D /* Build configuration list for PBXProject "MenuLaterale" */ = {
			isa = XCConfigurationList;
			buildConfigurations = (
				3CC4B6ED1E3E705000C3A10D /* Debug */,
				3CC4B6EE1E3E705000C3A10D /* Release */,
			);
			defaultConfigurationIsVisible = 0;
			defaultConfigurationName = Release;
		};
		3CC4B6EF1E3E705000C3A10D /* Build configuration list for PBXNativeTarget "MenuLaterale" */ = {
			isa = XCConfigurationList;
			buildConfigurations = (
				3CC4B6F01E3E705000C3A10D /* Debug */,
				3CC4B6F11E3E705000C3A10D /* Release */,
			);
			defaultConfigurationIsVisible = 0;
			defaultConfigurationName = Release;
		};
/* End XCConfigurationList section */
	};
	rootObject = 3CC4B6D51E3E705000C3A10D /* Project object */;
}
